PODS:
  - boost-for-react-native (1.63.0)
  - DoubleConversion (1.1.6)
  - Folly (2018.10.22.00):
    - boost-for-react-native
    - DoubleConversion
    - glog
  - glog (0.3.5)
  - Google-Maps-iOS-Utils (2.1.0):
    - Google-Maps-iOS-Utils/Clustering (= 2.1.0)
    - Google-Maps-iOS-Utils/Geometry (= 2.1.0)
    - Google-Maps-iOS-Utils/Heatmap (= 2.1.0)
    - Google-Maps-iOS-Utils/QuadTree (= 2.1.0)
    - GoogleMaps
  - Google-Maps-iOS-Utils/Clustering (2.1.0):
    - Google-Maps-iOS-Utils/QuadTree
    - GoogleMaps
  - Google-Maps-iOS-Utils/Geometry (2.1.0):
    - GoogleMaps
  - Google-Maps-iOS-Utils/Heatmap (2.1.0):
    - Google-Maps-iOS-Utils/QuadTree
    - GoogleMaps
  - Google-Maps-iOS-Utils/QuadTree (2.1.0):
    - GoogleMaps
  - GoogleMaps (3.1.0):
    - GoogleMaps/Maps (= 3.1.0)
  - GoogleMaps/Base (3.1.0)
  - GoogleMaps/Maps (3.1.0):
    - GoogleMaps/Base
  - GooglePlacePicker (3.1.0):
    - GoogleMaps (= 3.1.0)
    - GooglePlaces (= 3.1.0)
  - GooglePlaces (3.1.0):
    - GoogleMaps/Base (= 3.1.0)
  - React (0.59.8):
    - React/Core (= 0.59.8)
  - react-native-google-maps (0.24.0):
    - Google-Maps-iOS-Utils (= 2.1.0)
    - GoogleMaps (= 3.1.0)
    - React
  - react-native-maps (0.24.0):
    - React
  - react-native-netinfo (3.2.0):
    - React
  - React/Core (0.59.8):
    - yoga (= 0.59.8.React)
  - React/CxxBridge (0.59.8):
    - Folly (= 2018.10.22.00)
    - React/Core
    - React/cxxreact
    - React/jsiexecutor
  - React/cxxreact (0.59.8):
    - boost-for-react-native (= 1.63.0)
    - DoubleConversion
    - Folly (= 2018.10.22.00)
    - glog
    - React/jsinspector
  - React/DevSupport (0.59.8):
    - React/Core
    - React/RCTWebSocket
  - React/fishhook (0.59.8)
  - React/jsi (0.59.8):
    - DoubleConversion
    - Folly (= 2018.10.22.00)
    - glog
  - React/jsiexecutor (0.59.8):
    - DoubleConversion
    - Folly (= 2018.10.22.00)
    - glog
    - React/cxxreact
    - React/jsi
  - React/jsinspector (0.59.8)
  - React/RCTActionSheet (0.59.8):
    - React/Core
  - React/RCTAnimation (0.59.8):
    - React/Core
  - React/RCTBlob (0.59.8):
    - React/Core
  - React/RCTGeolocation (0.59.8):
    - React/Core
  - React/RCTImage (0.59.8):
    - React/Core
    - React/RCTNetwork
  - React/RCTLinkingIOS (0.59.8):
    - React/Core
  - React/RCTNetwork (0.59.8):
    - React/Core
  - React/RCTSettings (0.59.8):
    - React/Core
  - React/RCTText (0.59.8):
    - React/Core
  - React/RCTVibration (0.59.8):
    - React/Core
  - React/RCTWebSocket (0.59.8):
    - React/Core
    - React/fishhook
    - React/RCTBlob
  - RNCAsyncStorage (1.4.2):
    - React
  - RNGestureHandler (1.2.1):
    - React
  - yoga (0.59.8.React)

DEPENDENCIES:
  - DoubleConversion (from `../node_modules/react-native/third-party-podspecs/DoubleConversion.podspec`)
  - Folly (from `../node_modules/react-native/third-party-podspecs/Folly.podspec`)
  - glog (from `../node_modules/react-native/third-party-podspecs/glog.podspec`)
  - Google-Maps-iOS-Utils
  - GoogleMaps
  - GooglePlacePicker
  - GooglePlaces
  - react-native-google-maps (from `../node_modules/react-native-maps`)
  - react-native-maps (from `../node_modules/react-native-maps`)
  - "react-native-netinfo (from `../node_modules/@react-native-community/netinfo`)"
  - React/Core (from `../node_modules/react-native`)
  - React/CxxBridge (from `../node_modules/react-native`)
  - React/DevSupport (from `../node_modules/react-native`)
  - React/RCTActionSheet (from `../node_modules/react-native`)
  - React/RCTAnimation (from `../node_modules/react-native`)
  - React/RCTBlob (from `../node_modules/react-native`)
  - React/RCTGeolocation (from `../node_modules/react-native`)
  - React/RCTImage (from `../node_modules/react-native`)
  - React/RCTLinkingIOS (from `../node_modules/react-native`)
  - React/RCTNetwork (from `../node_modules/react-native`)
  - React/RCTSettings (from `../node_modules/react-native`)
  - React/RCTText (from `../node_modules/react-native`)
  - React/RCTVibration (from `../node_modules/react-native`)
  - React/RCTWebSocket (from `../node_modules/react-native`)
  - "RNCAsyncStorage (from `../node_modules/@react-native-community/async-storage`)"
  - RNGestureHandler (from `../node_modules/react-native-gesture-handler`)
  - yoga (from `../node_modules/react-native/ReactCommon/yoga`)

SPEC REPOS:
  https://github.com/cocoapods/specs.git:
    - boost-for-react-native
    - Google-Maps-iOS-Utils
    - GoogleMaps
    - GooglePlacePicker
    - GooglePlaces

EXTERNAL SOURCES:
  DoubleConversion:
    :podspec: "../node_modules/react-native/third-party-podspecs/DoubleConversion.podspec"
  Folly:
    :podspec: "../node_modules/react-native/third-party-podspecs/Folly.podspec"
  glog:
    :podspec: "../node_modules/react-native/third-party-podspecs/glog.podspec"
  React:
    :path: "../node_modules/react-native"
  react-native-google-maps:
    :path: "../node_modules/react-native-maps"
  react-native-maps:
    :path: "../node_modules/react-native-maps"
  react-native-netinfo:
    :path: "../node_modules/@react-native-community/netinfo"
  RNCAsyncStorage:
    :path: "../node_modules/@react-native-community/async-storage"
  RNGestureHandler:
    :path: "../node_modules/react-native-gesture-handler"
  yoga:
    :path: "../node_modules/react-native/ReactCommon/yoga"

SPEC CHECKSUMS:
  boost-for-react-native: 39c7adb57c4e60d6c5479dd8623128eb5b3f0f2c
  DoubleConversion: bb338842f62ab1d708ceb63ec3d999f0f3d98ecd
  Folly: de497beb10f102453a1afa9edbf8cf8a251890de
  glog: aefd1eb5dda2ab95ba0938556f34b98e2da3a60d
  Google-Maps-iOS-Utils: c32891ff472eaaa1fca032beedafa1a013af7875
  GoogleMaps: 5c13302e6fe6bb6e686b267196586b91cd594225
  GooglePlacePicker: 1c60c2a26e9d1e73bcb0c6f89609db8d777d13c1
  GooglePlaces: e874db179f2675c4f3eeda0b686b540273a578b0
  React: 76e6aa2b87d05eb6cccb6926d72685c9a07df152
  react-native-google-maps: 3e89f89243a11dfb25bb33a2fc39f13b9c0db538
  react-native-maps: d87d8ed456d4132112fb1d2ee9baf3470c0f211d
  react-native-netinfo: 34cf53b69bd112eaf944e931092a899c024adf8d
  RNCAsyncStorage: 285698b8a4f219573174d99e863a78b93f389272
  RNGestureHandler: aea90f0ad8e35fec23438db6fc3ad79be58bb734
  yoga: 92b2102c3d373d1a790db4ab761d2b0ffc634f64

PODFILE CHECKSUM: 9c4794b54d86d66ce1e0854ac32ac58f6baf928b

COCOAPODS: 1.7.0
